lockfileVersion: "6.0"

settings:
  autoInstallPeers: true
  excludeLinksFromLockfile: false

dependencies:
  "@polkadot/api":
    specifier: ^11.0.2
    version: 11.0.2
  dotenv:
    specifier: ^16.4.5
    version: 16.4.5
  ts-node:
    specifier: ^10.9.2
    version: 10.9.2(@types/node@20.12.7)(typescript@5.4.5)

packages:
  /@cspotcode/source-map-support@0.8.1:
    resolution:
      {
        integrity: sha512-IchNf6dN4tHoMFIn/7OE8LWZ19Y6q/67Bmf6vnGREv8RSbBVb9LPJxEcnwrcwX6ixSvaiGoomAUvu4YSxXrVgw==,
      }
    engines: { node: ">=12" }
    dependencies:
      "@jridgewell/trace-mapping": 0.3.9
    dev: false

  /@jridgewell/resolve-uri@3.1.2:
    resolution:
      {
        integrity: sha512-bRISgCIjP20/tbWSPWMEi54QVPRZExkuD9lJL+UIxUKtwVJA8wW1Trb1jMs1RFXo1CBTNZ/5hpC9QvmKWdopKw==,
      }
    engines: { node: ">=6.0.0" }
    dev: false

  /@jridgewell/sourcemap-codec@1.4.15:
    resolution:
      {
        integrity: sha512-eF2rxCRulEKXHTRiDrDy6erMYWqNw4LPdQ8UQA4huuxaQsVeRPFl2oM8oDGxMFhJUWZf9McpLtJasDDZb/Bpeg==,
      }
    dev: false

  /@jridgewell/trace-mapping@0.3.9:
    resolution:
      {
        integrity: sha512-3Belt6tdc8bPgAtbcmdtNJlirVoTmEb5e2gC94PnkwEW9jI6CAHUeoG85tjWP5WquqfavoMtMwiG4P926ZKKuQ==,
      }
    dependencies:
      "@jridgewell/resolve-uri": 3.1.2
      "@jridgewell/sourcemap-codec": 1.4.15
    dev: false

  /@noble/curves@1.4.0:
    resolution:
      {
        integrity: sha512-p+4cb332SFCrReJkCYe8Xzm0OWi4Jji5jVdIZRL/PmacmDkFNw6MrrV+gGpiPxLHbV+zKFRywUWbaseT+tZRXg==,
      }
    dependencies:
      "@noble/hashes": 1.4.0
    dev: false

  /@noble/hashes@1.4.0:
    resolution:
      {
        integrity: sha512-V1JJ1WTRUqHHrOSh597hURcMqVKVGL/ea3kv0gSnEdsEZ0/+VyPghM1lMNGc00z7CIQorSvbKpuJkxvuHbvdbg==,
      }
    engines: { node: ">= 16" }
    dev: false

  /@polkadot-api/json-rpc-provider-proxy@0.0.1:
    resolution:
      {
        integrity: sha512-gmVDUP8LpCH0BXewbzqXF2sdHddq1H1q+XrAW2of+KZj4woQkIGBRGTJHeBEVHe30EB+UejR1N2dT4PO/RvDdg==,
      }
    requiresBuild: true
    dev: false
    optional: true

  /@polkadot-api/json-rpc-provider@0.0.1:
    resolution:
      {
        integrity: sha512-/SMC/l7foRjpykLTUTacIH05H3mr9ip8b5xxfwXlVezXrNVLp3Cv0GX6uItkKd+ZjzVPf3PFrDF2B2/HLSNESA==,
      }
    requiresBuild: true
    dev: false
    optional: true

  /@polkadot-api/metadata-builders@0.0.1:
    resolution:
      {
        integrity: sha512-GCI78BHDzXAF/L2pZD6Aod/yl82adqQ7ftNmKg51ixRL02JpWUA+SpUKTJE5MY1p8kiJJIo09P2um24SiJHxNA==,
      }
    requiresBuild: true
    dependencies:
      "@polkadot-api/substrate-bindings": 0.0.1
      "@polkadot-api/utils": 0.0.1
    dev: false
    optional: true

  /@polkadot-api/observable-client@0.1.0(rxjs@7.8.1):
    resolution:
      {
        integrity: sha512-GBCGDRztKorTLna/unjl/9SWZcRmvV58o9jwU2Y038VuPXZcr01jcw/1O3x+yeAuwyGzbucI/mLTDa1QoEml3A==,
      }
    requiresBuild: true
    peerDependencies:
      rxjs: ">=7.8.0"
    dependencies:
      "@polkadot-api/metadata-builders": 0.0.1
      "@polkadot-api/substrate-bindings": 0.0.1
      "@polkadot-api/substrate-client": 0.0.1
      "@polkadot-api/utils": 0.0.1
      rxjs: 7.8.1
    dev: false
    optional: true

  /@polkadot-api/substrate-bindings@0.0.1:
    resolution:
      {
        integrity: sha512-bAe7a5bOPnuFVmpv7y4BBMRpNTnMmE0jtTqRUw/+D8ZlEHNVEJQGr4wu3QQCl7k1GnSV1wfv3mzIbYjErEBocg==,
      }
    requiresBuild: true
    dependencies:
      "@noble/hashes": 1.4.0
      "@polkadot-api/utils": 0.0.1
      "@scure/base": 1.1.6
      scale-ts: 1.6.0
    dev: false
    optional: true

  /@polkadot-api/substrate-client@0.0.1:
    resolution:
      {
        integrity: sha512-9Bg9SGc3AwE+wXONQoW8GC00N3v6lCZLW74HQzqB6ROdcm5VAHM4CB/xRzWSUF9CXL78ugiwtHx3wBcpx4H4Wg==,
      }
    requiresBuild: true
    dev: false
    optional: true

  /@polkadot-api/utils@0.0.1:
    resolution:
      {
        integrity: sha512-3j+pRmlF9SgiYDabSdZsBSsN5XHbpXOAce1lWj56IEEaFZVjsiCaxDOA7C9nCcgfVXuvnbxqqEGQvnY+QfBAUw==,
      }
    requiresBuild: true
    dev: false
    optional: true

  /@polkadot/api-augment@11.0.2:
    resolution:
      {
        integrity: sha512-Icrwk9DxcWlMxl0UFhIthYX+TzFGhxC2zwCaIgUbE5l1hoRFWl+K4BbLOtNdGTr6jkEkJizdnzbXvxWMYHZEOA==,
      }
    engines: { node: ">=18" }
    dependencies:
      "@polkadot/api-base": 11.0.2
      "@polkadot/rpc-augment": 11.0.2
      "@polkadot/types": 11.0.2
      "@polkadot/types-augment": 11.0.2
      "@polkadot/types-codec": 11.0.2
      "@polkadot/util": 12.6.2
      tslib: 2.6.2
    transitivePeerDependencies:
      - bufferutil
      - supports-color
      - utf-8-validate
    dev: false

  /@polkadot/api-base@11.0.2:
    resolution:
      {
        integrity: sha512-Sz1z6KHe+AyiQRxwSXU2KM0KSKZ97sc1WBEhqqkGuR3YdaV2Pt++ixSJe1FXt5/YyMI/KU0W8GSciK6Kydgxgw==,
      }
    engines: { node: ">=18" }
    dependencies:
      "@polkadot/rpc-core": 11.0.2
      "@polkadot/types": 11.0.2
      "@polkadot/util": 12.6.2
      rxjs: 7.8.1
      tslib: 2.6.2
    transitivePeerDependencies:
      - bufferutil
      - supports-color
      - utf-8-validate
    dev: false

  /@polkadot/api-derive@11.0.2:
    resolution:
      {
        integrity: sha512-1E3alBICLBbsNJ4HvJkyIuCznuOgksS6cQ+H57K0d9NCC4xZcCqreHm+VTlZh3HZjDgw4CPDRvhgCDvDOP8KpA==,
      }
    engines: { node: ">=18" }
    dependencies:
      "@polkadot/api": 11.0.2
      "@polkadot/api-augment": 11.0.2
      "@polkadot/api-base": 11.0.2
      "@polkadot/rpc-core": 11.0.2
      "@polkadot/types": 11.0.2
      "@polkadot/types-codec": 11.0.2
      "@polkadot/util": 12.6.2
      "@polkadot/util-crypto": 12.6.2(@polkadot/util@12.6.2)
      rxjs: 7.8.1
      tslib: 2.6.2
    transitivePeerDependencies:
      - bufferutil
      - supports-color
      - utf-8-validate
    dev: false

  /@polkadot/api@11.0.2:
    resolution:
      {
        integrity: sha512-LG4gwlev+SC2WolWMX0CaUZJyZWxXbsCe5h58zFxXucQuiPAvkn0QrnSTC3hB3qywsxK6aeuQ9E2vrQYcN7EMg==,
      }
    engines: { node: ">=18" }
    dependencies:
      "@polkadot/api-augment": 11.0.2
      "@polkadot/api-base": 11.0.2
      "@polkadot/api-derive": 11.0.2
      "@polkadot/keyring": 12.6.2(@polkadot/util-crypto@12.6.2)(@polkadot/util@12.6.2)
      "@polkadot/rpc-augment": 11.0.2
      "@polkadot/rpc-core": 11.0.2
      "@polkadot/rpc-provider": 11.0.2
      "@polkadot/types": 11.0.2
      "@polkadot/types-augment": 11.0.2
      "@polkadot/types-codec": 11.0.2
      "@polkadot/types-create": 11.0.2
      "@polkadot/types-known": 11.0.2
      "@polkadot/util": 12.6.2
      "@polkadot/util-crypto": 12.6.2(@polkadot/util@12.6.2)
      eventemitter3: 5.0.1
      rxjs: 7.8.1
      tslib: 2.6.2
    transitivePeerDependencies:
      - bufferutil
      - supports-color
      - utf-8-validate
    dev: false

  /@polkadot/keyring@12.6.2(@polkadot/util-crypto@12.6.2)(@polkadot/util@12.6.2):
    resolution:
      {
        integrity: sha512-O3Q7GVmRYm8q7HuB3S0+Yf/q/EB2egKRRU3fv9b3B7V+A52tKzA+vIwEmNVaD1g5FKW9oB97rmpggs0zaKFqHw==,
      }
    engines: { node: ">=18" }
    peerDependencies:
      "@polkadot/util": 12.6.2
      "@polkadot/util-crypto": 12.6.2
    dependencies:
      "@polkadot/util": 12.6.2
      "@polkadot/util-crypto": 12.6.2(@polkadot/util@12.6.2)
      tslib: 2.6.2
    dev: false

  /@polkadot/networks@12.6.2:
    resolution:
      {
        integrity: sha512-1oWtZm1IvPWqvMrldVH6NI2gBoCndl5GEwx7lAuQWGr7eNL+6Bdc5K3Z9T0MzFvDGoi2/CBqjX9dRKo39pDC/w==,
      }
    engines: { node: ">=18" }
    dependencies:
      "@polkadot/util": 12.6.2
      "@substrate/ss58-registry": 1.47.0
      tslib: 2.6.2
    dev: false

  /@polkadot/rpc-augment@11.0.2:
    resolution:
      {
        integrity: sha512-QcT9U2hINcjynJhHC4AhoHNgZR5JymDkuhAIOVYsNb1BUcDzoud5lvfK+ISfw2kVPAyCdx3kHodFPhdNdPGHUg==,
      }
    engines: { node: ">=18" }
    dependencies:
      "@polkadot/rpc-core": 11.0.2
      "@polkadot/types": 11.0.2
      "@polkadot/types-codec": 11.0.2
      "@polkadot/util": 12.6.2
      tslib: 2.6.2
    transitivePeerDependencies:
      - bufferutil
      - supports-color
      - utf-8-validate
    dev: false

  /@polkadot/rpc-core@11.0.2:
    resolution:
      {
        integrity: sha512-kC+85+WIc/uKColIGzrnRjM47N+AjbujRkTf0n9ldwtAIYJnq+B09R3Qjmk+kXrdW5fes85L/WigqwkohMfNkw==,
      }
    engines: { node: ">=18" }
    dependencies:
      "@polkadot/rpc-augment": 11.0.2
      "@polkadot/rpc-provider": 11.0.2
      "@polkadot/types": 11.0.2
      "@polkadot/util": 12.6.2
      rxjs: 7.8.1
      tslib: 2.6.2
    transitivePeerDependencies:
      - bufferutil
      - supports-color
      - utf-8-validate
    dev: false

  /@polkadot/rpc-provider@11.0.2:
    resolution:
      {
        integrity: sha512-EHoWs27r+V8NKexawcTkDzSJtYAXmkz8/zge+Ctm0PzdxtP740U9xvbK7uZ0INXeLIPdKKk7n9lGib3fhnXRvQ==,
      }
    engines: { node: ">=18" }
    dependencies:
      "@polkadot/keyring": 12.6.2(@polkadot/util-crypto@12.6.2)(@polkadot/util@12.6.2)
      "@polkadot/types": 11.0.2
      "@polkadot/types-support": 11.0.2
      "@polkadot/util": 12.6.2
      "@polkadot/util-crypto": 12.6.2(@polkadot/util@12.6.2)
      "@polkadot/x-fetch": 12.6.2
      "@polkadot/x-global": 12.6.2
      "@polkadot/x-ws": 12.6.2
      eventemitter3: 5.0.1
      mock-socket: 9.3.1
      nock: 13.5.4
      tslib: 2.6.2
    optionalDependencies:
      "@substrate/connect": 0.8.10
    transitivePeerDependencies:
      - bufferutil
      - supports-color
      - utf-8-validate
    dev: false

  /@polkadot/types-augment@11.0.2:
    resolution:
      {
        integrity: sha512-36C1LNWrd/IJu4y4xJFsklw7qmyBMnH16WLkIoma7W7tCkPyuvKpl9btTcNpY9UE0FLb3AEhO0shrz3KUANk/g==,
      }
    engines: { node: ">=18" }
    dependencies:
      "@polkadot/types": 11.0.2
      "@polkadot/types-codec": 11.0.2
      "@polkadot/util": 12.6.2
      tslib: 2.6.2
    dev: false

  /@polkadot/types-codec@11.0.2:
    resolution:
      {
        integrity: sha512-OL7jM9JNzmRo+gLNIWllvyv3I4k+2dywKchC9gw/D5OCkFD+B5T3oHUw99zzER0C/r7/vTH9RM3w79yeW0UYKA==,
      }
    engines: { node: ">=18" }
    dependencies:
      "@polkadot/util": 12.6.2
      "@polkadot/x-bigint": 12.6.2
      tslib: 2.6.2
    dev: false

  /@polkadot/types-create@11.0.2:
    resolution:
      {
        integrity: sha512-yx5Gef3QkbJjzbEGoyOxv74XslGEK1Uo0IC8qSmwHsqO2+QoAEU7uJ9QpSNxHAcRrjx1W3+MdJAsfXtnwOiOeQ==,
      }
    engines: { node: ">=18" }
    dependencies:
      "@polkadot/types-codec": 11.0.2
      "@polkadot/util": 12.6.2
      tslib: 2.6.2
    dev: false

  /@polkadot/types-known@11.0.2:
    resolution:
      {
        integrity: sha512-c89H2y2mMCjuf5X9tTadwHpJtnQvfVxlJLTlrGElfImzWNgRetIjH65Zgy/uh/I9LqTxRlk5y3ZhBMZgL/ybbg==,
      }
    engines: { node: ">=18" }
    dependencies:
      "@polkadot/networks": 12.6.2
      "@polkadot/types": 11.0.2
      "@polkadot/types-codec": 11.0.2
      "@polkadot/types-create": 11.0.2
      "@polkadot/util": 12.6.2
      tslib: 2.6.2
    dev: false

  /@polkadot/types-support@11.0.2:
    resolution:
      {
        integrity: sha512-p26QwtEniCyqUX9WoMtEp5LRdrmvvUf8s8Dx6P3W8/lU+hYeKQjeGCudWoudSXIYpsfTliLEowoxmjx4Wn4GIw==,
      }
    engines: { node: ">=18" }
    dependencies:
      "@polkadot/util": 12.6.2
      tslib: 2.6.2
    dev: false

  /@polkadot/types@11.0.2:
    resolution:
      {
        integrity: sha512-jYORxnbR9cOoLW2KI7OAbHlC8bQr+Anj34CqgtlEikRSZBlmmx1CLD08hZSnSHkVAQgqHB6SLfFIW5VTI2YaqA==,
      }
    engines: { node: ">=18" }
    dependencies:
      "@polkadot/keyring": 12.6.2(@polkadot/util-crypto@12.6.2)(@polkadot/util@12.6.2)
      "@polkadot/types-augment": 11.0.2
      "@polkadot/types-codec": 11.0.2
      "@polkadot/types-create": 11.0.2
      "@polkadot/util": 12.6.2
      "@polkadot/util-crypto": 12.6.2(@polkadot/util@12.6.2)
      rxjs: 7.8.1
      tslib: 2.6.2
    dev: false

  /@polkadot/util-crypto@12.6.2(@polkadot/util@12.6.2):
    resolution:
      {
        integrity: sha512-FEWI/dJ7wDMNN1WOzZAjQoIcCP/3vz3wvAp5QQm+lOrzOLj0iDmaIGIcBkz8HVm3ErfSe/uKP0KS4jgV/ib+Mg==,
      }
    engines: { node: ">=18" }
    peerDependencies:
      "@polkadot/util": 12.6.2
    dependencies:
      "@noble/curves": 1.4.0
      "@noble/hashes": 1.4.0
      "@polkadot/networks": 12.6.2
      "@polkadot/util": 12.6.2
      "@polkadot/wasm-crypto": 7.3.2(@polkadot/util@12.6.2)(@polkadot/x-randomvalues@12.6.2)
      "@polkadot/wasm-util": 7.3.2(@polkadot/util@12.6.2)
      "@polkadot/x-bigint": 12.6.2
      "@polkadot/x-randomvalues": 12.6.2(@polkadot/util@12.6.2)(@polkadot/wasm-util@7.3.2)
      "@scure/base": 1.1.6
      tslib: 2.6.2
    dev: false

  /@polkadot/util@12.6.2:
    resolution:
      {
        integrity: sha512-l8TubR7CLEY47240uki0TQzFvtnxFIO7uI/0GoWzpYD/O62EIAMRsuY01N4DuwgKq2ZWD59WhzsLYmA5K6ksdw==,
      }
    engines: { node: ">=18" }
    dependencies:
      "@polkadot/x-bigint": 12.6.2
      "@polkadot/x-global": 12.6.2
      "@polkadot/x-textdecoder": 12.6.2
      "@polkadot/x-textencoder": 12.6.2
      "@types/bn.js": 5.1.5
      bn.js: 5.2.1
      tslib: 2.6.2
    dev: false

  /@polkadot/wasm-bridge@7.3.2(@polkadot/util@12.6.2)(@polkadot/x-randomvalues@12.6.2):
    resolution:
      {
        integrity: sha512-AJEXChcf/nKXd5Q/YLEV5dXQMle3UNT7jcXYmIffZAo/KI394a+/24PaISyQjoNC0fkzS1Q8T5pnGGHmXiVz2g==,
      }
    engines: { node: ">=18" }
    peerDependencies:
      "@polkadot/util": "*"
      "@polkadot/x-randomvalues": "*"
    dependencies:
      "@polkadot/util": 12.6.2
      "@polkadot/wasm-util": 7.3.2(@polkadot/util@12.6.2)
      "@polkadot/x-randomvalues": 12.6.2(@polkadot/util@12.6.2)(@polkadot/wasm-util@7.3.2)
      tslib: 2.6.2
    dev: false

  /@polkadot/wasm-crypto-asmjs@7.3.2(@polkadot/util@12.6.2):
    resolution:
      {
        integrity: sha512-QP5eiUqUFur/2UoF2KKKYJcesc71fXhQFLT3D4ZjG28Mfk2ZPI0QNRUfpcxVQmIUpV5USHg4geCBNuCYsMm20Q==,
      }
    engines: { node: ">=18" }
    peerDependencies:
      "@polkadot/util": "*"
    dependencies:
      "@polkadot/util": 12.6.2
      tslib: 2.6.2
    dev: false

  /@polkadot/wasm-crypto-init@7.3.2(@polkadot/util@12.6.2)(@polkadot/x-randomvalues@12.6.2):
    resolution:
      {
        integrity: sha512-FPq73zGmvZtnuJaFV44brze3Lkrki3b4PebxCy9Fplw8nTmisKo9Xxtfew08r0njyYh+uiJRAxPCXadkC9sc8g==,
      }
    engines: { node: ">=18" }
    peerDependencies:
      "@polkadot/util": "*"
      "@polkadot/x-randomvalues": "*"
    dependencies:
      "@polkadot/util": 12.6.2
      "@polkadot/wasm-bridge": 7.3.2(@polkadot/util@12.6.2)(@polkadot/x-randomvalues@12.6.2)
      "@polkadot/wasm-crypto-asmjs": 7.3.2(@polkadot/util@12.6.2)
      "@polkadot/wasm-crypto-wasm": 7.3.2(@polkadot/util@12.6.2)
      "@polkadot/wasm-util": 7.3.2(@polkadot/util@12.6.2)
      "@polkadot/x-randomvalues": 12.6.2(@polkadot/util@12.6.2)(@polkadot/wasm-util@7.3.2)
      tslib: 2.6.2
    dev: false

  /@polkadot/wasm-crypto-wasm@7.3.2(@polkadot/util@12.6.2):
    resolution:
      {
        integrity: sha512-15wd0EMv9IXs5Abp1ZKpKKAVyZPhATIAHfKsyoWCEFDLSOA0/K0QGOxzrAlsrdUkiKZOq7uzSIgIDgW8okx2Mw==,
      }
    engines: { node: ">=18" }
    peerDependencies:
      "@polkadot/util": "*"
    dependencies:
      "@polkadot/util": 12.6.2
      "@polkadot/wasm-util": 7.3.2(@polkadot/util@12.6.2)
      tslib: 2.6.2
    dev: false

  /@polkadot/wasm-crypto@7.3.2(@polkadot/util@12.6.2)(@polkadot/x-randomvalues@12.6.2):
    resolution:
      {
        integrity: sha512-+neIDLSJ6jjVXsjyZ5oLSv16oIpwp+PxFqTUaZdZDoA2EyFRQB8pP7+qLsMNk+WJuhuJ4qXil/7XiOnZYZ+wxw==,
      }
    engines: { node: ">=18" }
    peerDependencies:
      "@polkadot/util": "*"
      "@polkadot/x-randomvalues": "*"
    dependencies:
      "@polkadot/util": 12.6.2
      "@polkadot/wasm-bridge": 7.3.2(@polkadot/util@12.6.2)(@polkadot/x-randomvalues@12.6.2)
      "@polkadot/wasm-crypto-asmjs": 7.3.2(@polkadot/util@12.6.2)
      "@polkadot/wasm-crypto-init": 7.3.2(@polkadot/util@12.6.2)(@polkadot/x-randomvalues@12.6.2)
      "@polkadot/wasm-crypto-wasm": 7.3.2(@polkadot/util@12.6.2)
      "@polkadot/wasm-util": 7.3.2(@polkadot/util@12.6.2)
      "@polkadot/x-randomvalues": 12.6.2(@polkadot/util@12.6.2)(@polkadot/wasm-util@7.3.2)
      tslib: 2.6.2
    dev: false

  /@polkadot/wasm-util@7.3.2(@polkadot/util@12.6.2):
    resolution:
      {
        integrity: sha512-bmD+Dxo1lTZyZNxbyPE380wd82QsX+43mgCm40boyKrRppXEyQmWT98v/Poc7chLuskYb6X8IQ6lvvK2bGR4Tg==,
      }
    engines: { node: ">=18" }
    peerDependencies:
      "@polkadot/util": "*"
    dependencies:
      "@polkadot/util": 12.6.2
      tslib: 2.6.2
    dev: false

  /@polkadot/x-bigint@12.6.2:
    resolution:
      {
        integrity: sha512-HSIk60uFPX4GOFZSnIF7VYJz7WZA7tpFJsne7SzxOooRwMTWEtw3fUpFy5cYYOeLh17/kHH1Y7SVcuxzVLc74Q==,
      }
    engines: { node: ">=18" }
    dependencies:
      "@polkadot/x-global": 12.6.2
      tslib: 2.6.2
    dev: false

  /@polkadot/x-fetch@12.6.2:
    resolution:
      {
        integrity: sha512-8wM/Z9JJPWN1pzSpU7XxTI1ldj/AfC8hKioBlUahZ8gUiJaOF7K9XEFCrCDLis/A1BoOu7Ne6WMx/vsJJIbDWw==,
      }
    engines: { node: ">=18" }
    dependencies:
      "@polkadot/x-global": 12.6.2
      node-fetch: 3.3.2
      tslib: 2.6.2
    dev: false

  /@polkadot/x-global@12.6.2:
    resolution:
      {
        integrity: sha512-a8d6m+PW98jmsYDtAWp88qS4dl8DyqUBsd0S+WgyfSMtpEXu6v9nXDgPZgwF5xdDvXhm+P0ZfVkVTnIGrScb5g==,
      }
    engines: { node: ">=18" }
    dependencies:
      tslib: 2.6.2
    dev: false

  /@polkadot/x-randomvalues@12.6.2(@polkadot/util@12.6.2)(@polkadot/wasm-util@7.3.2):
    resolution:
      {
        integrity: sha512-Vr8uG7rH2IcNJwtyf5ebdODMcr0XjoCpUbI91Zv6AlKVYOGKZlKLYJHIwpTaKKB+7KPWyQrk4Mlym/rS7v9feg==,
      }
    engines: { node: ">=18" }
    peerDependencies:
      "@polkadot/util": 12.6.2
      "@polkadot/wasm-util": "*"
    dependencies:
      "@polkadot/util": 12.6.2
      "@polkadot/wasm-util": 7.3.2(@polkadot/util@12.6.2)
      "@polkadot/x-global": 12.6.2
      tslib: 2.6.2
    dev: false

  /@polkadot/x-textdecoder@12.6.2:
    resolution:
      {
        integrity: sha512-M1Bir7tYvNappfpFWXOJcnxUhBUFWkUFIdJSyH0zs5LmFtFdbKAeiDXxSp2Swp5ddOZdZgPac294/o2TnQKN1w==,
      }
    engines: { node: ">=18" }
    dependencies:
      "@polkadot/x-global": 12.6.2
      tslib: 2.6.2
    dev: false

  /@polkadot/x-textencoder@12.6.2:
    resolution:
      {
        integrity: sha512-4N+3UVCpI489tUJ6cv3uf0PjOHvgGp9Dl+SZRLgFGt9mvxnvpW/7+XBADRMtlG4xi5gaRK7bgl5bmY6OMDsNdw==,
      }
    engines: { node: ">=18" }
    dependencies:
      "@polkadot/x-global": 12.6.2
      tslib: 2.6.2
    dev: false

  /@polkadot/x-ws@12.6.2:
    resolution:
      {
        integrity: sha512-cGZWo7K5eRRQCRl2LrcyCYsrc3lRbTlixZh3AzgU8uX4wASVGRlNWi/Hf4TtHNe1ExCDmxabJzdIsABIfrr7xw==,
      }
    engines: { node: ">=18" }
    dependencies:
      "@polkadot/x-global": 12.6.2
      tslib: 2.6.2
      ws: 8.17.0
    transitivePeerDependencies:
      - bufferutil
      - utf-8-validate
    dev: false

  /@scure/base@1.1.6:
    resolution:
      {
        integrity: sha512-ok9AWwhcgYuGG3Zfhyqg+zwl+Wn5uE+dwC0NV/2qQkx4dABbb/bx96vWu8NSj+BNjjSjno+JRYRjle1jV08k3g==,
      }
    dev: false

  /@substrate/connect-extension-protocol@2.0.0:
    resolution:
      {
        integrity: sha512-nKu8pDrE3LNCEgJjZe1iGXzaD6OSIDD4Xzz/yo4KO9mQ6LBvf49BVrt4qxBFGL6++NneLiWUZGoh+VSd4PyVIg==,
      }
    requiresBuild: true
    dev: false
    optional: true

  /@substrate/connect-known-chains@1.1.4:
    resolution:
      {
        integrity: sha512-iT+BdKqvKl/uBLd8BAJysFM1BaMZXRkaXBP2B7V7ob/EyNs5h0EMhTVbO6MJxV/IEOg5OKsyl6FUqQK7pKnqyw==,
      }
    requiresBuild: true
    dev: false
    optional: true

  /@substrate/connect@0.8.10:
    resolution:
      {
        integrity: sha512-DIyQ13DDlXqVFnLV+S6/JDgiGowVRRrh18kahieJxhgvzcWicw5eLc6jpfQ0moVVLBYkO7rctB5Wreldwpva8w==,
      }
    requiresBuild: true
    dependencies:
      "@substrate/connect-extension-protocol": 2.0.0
      "@substrate/connect-known-chains": 1.1.4
      "@substrate/light-client-extension-helpers": 0.0.6(smoldot@2.0.22)
      smoldot: 2.0.22
    transitivePeerDependencies:
      - bufferutil
      - utf-8-validate
    dev: false
    optional: true

  /@substrate/light-client-extension-helpers@0.0.6(smoldot@2.0.22):
    resolution:
      {
        integrity: sha512-girltEuxQ1BvkJWmc8JJlk4ZxnlGXc/wkLcNguhY+UoDEMBK0LsdtfzQKIfrIehi4QdeSBlFEFBoI4RqPmsZzA==,
      }
    requiresBuild: true
    peerDependencies:
      smoldot: 2.x
    dependencies:
      "@polkadot-api/json-rpc-provider": 0.0.1
      "@polkadot-api/json-rpc-provider-proxy": 0.0.1
      "@polkadot-api/observable-client": 0.1.0(rxjs@7.8.1)
      "@polkadot-api/substrate-client": 0.0.1
      "@substrate/connect-extension-protocol": 2.0.0
      "@substrate/connect-known-chains": 1.1.4
      rxjs: 7.8.1
      smoldot: 2.0.22
    dev: false
    optional: true

  /@substrate/ss58-registry@1.47.0:
    resolution:
      {
        integrity: sha512-6kuIJedRcisUJS2pgksEH2jZf3hfSIVzqtFzs/AyjTW3ETbMg5q1Bb7VWa0WYaT6dTrEXp/6UoXM5B9pSIUmcw==,
      }
    dev: false

  /@tsconfig/node10@1.0.11:
    resolution:
      {
        integrity: sha512-DcRjDCujK/kCk/cUe8Xz8ZSpm8mS3mNNpta+jGCA6USEDfktlNvm1+IuZ9eTcDbNk41BHwpHHeW+N1lKCz4zOw==,
      }
    dev: false

  /@tsconfig/node12@1.0.11:
    resolution:
      {
        integrity: sha512-cqefuRsh12pWyGsIoBKJA9luFu3mRxCA+ORZvA4ktLSzIuCUtWVxGIuXigEwO5/ywWFMZ2QEGKWvkZG1zDMTag==,
      }
    dev: false

  /@tsconfig/node14@1.0.3:
    resolution:
      {
        integrity: sha512-ysT8mhdixWK6Hw3i1V2AeRqZ5WfXg1G43mqoYlM2nc6388Fq5jcXyr5mRsqViLx/GJYdoL0bfXD8nmF+Zn/Iow==,
      }
    dev: false

  /@tsconfig/node16@1.0.4:
    resolution:
      {
        integrity: sha512-vxhUy4J8lyeyinH7Azl1pdd43GJhZH/tP2weN8TntQblOY+A0XbT8DJk1/oCPuOOyg/Ja757rG0CgHcWC8OfMA==,
      }
    dev: false

  /@types/bn.js@5.1.5:
    resolution:
      {
        integrity: sha512-V46N0zwKRF5Q00AZ6hWtN0T8gGmDUaUzLWQvHFo5yThtVwK/VCenFY3wXVbOvNfajEpsTfQM4IN9k/d6gUVX3A==,
      }
    dependencies:
      "@types/node": 20.12.7
    dev: false

  /@types/node@20.12.7:
    resolution:
      {
        integrity: sha512-wq0cICSkRLVaf3UGLMGItu/PtdY7oaXaI/RVU+xliKVOtRna3PRY57ZDfztpDL0n11vfymMUnXv8QwYCO7L1wg==,
      }
    dependencies:
      undici-types: 5.26.5
    dev: false

  /acorn-walk@8.3.2:
    resolution:
      {
        integrity: sha512-cjkyv4OtNCIeqhHrfS81QWXoCBPExR/J62oyEqepVw8WaQeSqpW2uhuLPh1m9eWhDuOo/jUXVTlifvesOWp/4A==,
      }
    engines: { node: ">=0.4.0" }
    dev: false

  /acorn@8.11.3:
    resolution:
      {
        integrity: sha512-Y9rRfJG5jcKOE0CLisYbojUjIrIEE7AGMzA/Sm4BslANhbS+cDMpgBdcPT91oJ7OuJ9hYJBx59RjbhxVnrF8Xg==,
      }
    engines: { node: ">=0.4.0" }
    hasBin: true
    dev: false

  /arg@4.1.3:
    resolution:
      {
        integrity: sha512-58S9QDqG0Xx27YwPSt9fJxivjYl432YCwfDMfZ+71RAqUrZef7LrKQZ3LHLOwCS4FLNBplP533Zx895SeOCHvA==,
      }
    dev: false

  /bn.js@5.2.1:
    resolution:
      {
        integrity: sha512-eXRvHzWyYPBuB4NBy0cmYQjGitUrtqwbvlzP3G6VFnNRbsZQIxQ10PbKKHt8gZ/HW/D/747aDl+QkDqg3KQLMQ==,
      }
    dev: false

  /create-require@1.1.1:
    resolution:
      {
        integrity: sha512-dcKFX3jn0MpIaXjisoRvexIJVEKzaq7z2rZKxf+MSr9TkdmHmsU4m2lcLojrj/FHl8mk5VxMmYA+ftRkP/3oKQ==,
      }
    dev: false

  /data-uri-to-buffer@4.0.1:
    resolution:
      {
        integrity: sha512-0R9ikRb668HB7QDxT1vkpuUBtqc53YyAwMwGeUFKRojY/NWKvdZ+9UYtRfGmhqNbRkTSVpMbmyhXipFFv2cb/A==,
      }
    engines: { node: ">= 12" }
    dev: false

  /debug@4.3.4:
    resolution:
      {
        integrity: sha512-PRWFHuSU3eDtQJPvnNY7Jcket1j0t5OuOsFzPPzsekD52Zl8qUfFIPEiswXqIvHWGVHOgX+7G/vCNNhehwxfkQ==,
      }
    engines: { node: ">=6.0" }
    peerDependencies:
      supports-color: "*"
    peerDependenciesMeta:
      supports-color:
        optional: true
    dependencies:
      ms: 2.1.2
    dev: false

  /diff@4.0.2:
    resolution:
      {
        integrity: sha512-58lmxKSA4BNyLz+HHMUzlOEpg09FV+ev6ZMe3vJihgdxzgcwZ8VoEEPmALCZG9LmqfVoNMMKpttIYTVG6uDY7A==,
      }
    engines: { node: ">=0.3.1" }
    dev: false

  /dotenv@16.4.5:
    resolution:
      {
        integrity: sha512-ZmdL2rui+eB2YwhsWzjInR8LldtZHGDoQ1ugH85ppHKwpUHL7j7rN0Ti9NCnGiQbhaZ11FpR+7ao1dNsmduNUg==,
      }
    engines: { node: ">=12" }
    dev: false

  /eventemitter3@5.0.1:
    resolution:
      {
        integrity: sha512-GWkBvjiSZK87ELrYOSESUYeVIc9mvLLf/nXalMOS5dYrgZq9o5OVkbZAVM06CVxYsCwH9BDZFPlQTlPA1j4ahA==,
      }
    dev: false

  /fetch-blob@3.2.0:
    resolution:
      {
        integrity: sha512-7yAQpD2UMJzLi1Dqv7qFYnPbaPx7ZfFK6PiIxQ4PfkGPyNyl2Ugx+a/umUonmKqjhM4DnfbMvdX6otXq83soQQ==,
      }
    engines: { node: ^12.20 || >= 14.13 }
    dependencies:
      node-domexception: 1.0.0
      web-streams-polyfill: 3.3.3
    dev: false

  /formdata-polyfill@4.0.10:
    resolution:
      {
        integrity: sha512-buewHzMvYL29jdeQTVILecSaZKnt/RJWjoZCF5OW60Z67/GmSLBkOFM7qh1PI3zFNtJbaZL5eQu1vLfazOwj4g==,
      }
    engines: { node: ">=12.20.0" }
    dependencies:
      fetch-blob: 3.2.0
    dev: false

  /json-stringify-safe@5.0.1:
    resolution:
      {
        integrity: sha512-ZClg6AaYvamvYEE82d3Iyd3vSSIjQ+odgjaTzRuO3s7toCdFKczob2i0zCh7JE8kWn17yvAWhUVxvqGwUalsRA==,
      }
    dev: false

  /make-error@1.3.6:
    resolution:
      {
        integrity: sha512-s8UhlNe7vPKomQhC1qFelMokr/Sc3AgNbso3n74mVPA5LTZwkB9NlXf4XPamLxJE8h0gh73rM94xvwRT2CVInw==,
      }
    dev: false

  /mock-socket@9.3.1:
    resolution:
      {
        integrity: sha512-qxBgB7Qa2sEQgHFjj0dSigq7fX4k6Saisd5Nelwp2q8mlbAFh5dHV9JTTlF8viYJLSSWgMCZFUom8PJcMNBoJw==,
      }
    engines: { node: ">= 8" }
    dev: false

  /ms@2.1.2:
    resolution:
      {
        integrity: sha512-sGkPx+VjMtmA6MX27oA4FBFELFCZZ4S4XqeGOXCv68tT+jb3vk/RyaKWP0PTKyWtmLSM0b+adUTEvbs1PEaH2w==,
      }
    dev: false

  /nock@13.5.4:
    resolution:
      {
        integrity: sha512-yAyTfdeNJGGBFxWdzSKCBYxs5FxLbCg5X5Q4ets974hcQzG1+qCxvIyOo4j2Ry6MUlhWVMX4OoYDefAIIwupjw==,
      }
    engines: { node: ">= 10.13" }
    dependencies:
      debug: 4.3.4
      json-stringify-safe: 5.0.1
      propagate: 2.0.1
    transitivePeerDependencies:
      - supports-color
    dev: false

  /node-domexception@1.0.0:
    resolution:
      {
        integrity: sha512-/jKZoMpw0F8GRwl4/eLROPA3cfcXtLApP0QzLmUT/HuPCZWyB7IY9ZrMeKw2O/nFIqPQB3PVM9aYm0F312AXDQ==,
      }
    engines: { node: ">=10.5.0" }
    dev: false

  /node-fetch@3.3.2:
    resolution:
      {
        integrity: sha512-dRB78srN/l6gqWulah9SrxeYnxeddIG30+GOqK/9OlLVyLg3HPnr6SqOWTWOXKRwC2eGYCkZ59NNuSgvSrpgOA==,
      }
    engines: { node: ^12.20.0 || ^14.13.1 || >=16.0.0 }
    dependencies:
      data-uri-to-buffer: 4.0.1
      fetch-blob: 3.2.0
      formdata-polyfill: 4.0.10
    dev: false

  /propagate@2.0.1:
    resolution:
      {
        integrity: sha512-vGrhOavPSTz4QVNuBNdcNXePNdNMaO1xj9yBeH1ScQPjk/rhg9sSlCXPhMkFuaNNW/syTvYqsnbIJxMBfRbbag==,
      }
    engines: { node: ">= 8" }
    dev: false

  /rxjs@7.8.1:
    resolution:
      {
        integrity: sha512-AA3TVj+0A2iuIoQkWEK/tqFjBq2j+6PO6Y0zJcvzLAFhEFIO3HL0vls9hWLncZbAAbK0mar7oZ4V079I/qPMxg==,
      }
    dependencies:
      tslib: 2.6.2
    dev: false

  /scale-ts@1.6.0:
    resolution:
      {
        integrity: sha512-Ja5VCjNZR8TGKhUumy9clVVxcDpM+YFjAnkMuwQy68Hixio3VRRvWdE3g8T/yC+HXA0ZDQl2TGyUmtmbcVl40Q==,
      }
    requiresBuild: true
    dev: false
    optional: true

  /smoldot@2.0.22:
    resolution:
      {
        integrity: sha512-B50vRgTY6v3baYH6uCgL15tfaag5tcS2o/P5q1OiXcKGv1axZDfz2dzzMuIkVpyMR2ug11F6EAtQlmYBQd292g==,
      }
    requiresBuild: true
    dependencies:
      ws: 8.17.0
    transitivePeerDependencies:
      - bufferutil
      - utf-8-validate
    dev: false
    optional: true

  /ts-node@10.9.2(@types/node@20.12.7)(typescript@5.4.5):
    resolution:
      {
        integrity: sha512-f0FFpIdcHgn8zcPSbf1dRevwt047YMnaiJM3u2w2RewrB+fob/zePZcrOyQoLMMO7aBIddLcQIEK5dYjkLnGrQ==,
      }
    hasBin: true
    peerDependencies:
      "@swc/core": ">=1.2.50"
      "@swc/wasm": ">=1.2.50"
      "@types/node": "*"
      typescript: ">=2.7"
    peerDependenciesMeta:
      "@swc/core":
        optional: true
      "@swc/wasm":
        optional: true
    dependencies:
      "@cspotcode/source-map-support": 0.8.1
      "@tsconfig/node10": 1.0.11
      "@tsconfig/node12": 1.0.11
      "@tsconfig/node14": 1.0.3
      "@tsconfig/node16": 1.0.4
      "@types/node": 20.12.7
      acorn: 8.11.3
      acorn-walk: 8.3.2
      arg: 4.1.3
      create-require: 1.1.1
      diff: 4.0.2
      make-error: 1.3.6
      typescript: 5.4.5
      v8-compile-cache-lib: 3.0.1
      yn: 3.1.1
    dev: false

  /tslib@2.6.2:
    resolution:
      {
        integrity: sha512-AEYxH93jGFPn/a2iVAwW87VuUIkR1FVUKB77NwMF7nBTDkDrrT/Hpt/IrCJ0QXhW27jTBDcf5ZY7w6RiqTMw2Q==,
      }
    dev: false

  /typescript@5.4.5:
    resolution:
      {
        integrity: sha512-vcI4UpRgg81oIRUFwR0WSIHKt11nJ7SAVlYNIu+QpqeyXP+gpQJy/Z4+F0aGxSE4MqwjyXvW/TzgkLAx2AGHwQ==,
      }
    engines: { node: ">=14.17" }
    hasBin: true
    dev: false

  /undici-types@5.26.5:
    resolution:
      {
        integrity: sha512-JlCMO+ehdEIKqlFxk6IfVoAUVmgz7cU7zD/h9XZ0qzeosSHmUJVOzSQvvYSYWXkFXC+IfLKSIffhv0sVZup6pA==,
      }
    dev: false

  /v8-compile-cache-lib@3.0.1:
    resolution:
      {
        integrity: sha512-wa7YjyUGfNZngI/vtK0UHAN+lgDCxBPCylVXGp0zu59Fz5aiGtNXaq3DhIov063MorB+VfufLh3JlF2KdTK3xg==,
      }
    dev: false

  /web-streams-polyfill@3.3.3:
    resolution:
      {
        integrity: sha512-d2JWLCivmZYTSIoge9MsgFCZrt571BikcWGYkjC1khllbTeDlGqZ2D8vD8E/lJa8WGWbb7Plm8/XJYV7IJHZZw==,
      }
    engines: { node: ">= 8" }
    dev: false

  /ws@8.17.0:
    resolution:
      {
        integrity: sha512-uJq6108EgZMAl20KagGkzCKfMEjxmKvZHG7Tlq0Z6nOky7YF7aq4mOx6xK8TJ/i1LeK4Qus7INktacctDgY8Ow==,
      }
    engines: { node: ">=10.0.0" }
    peerDependencies:
      bufferutil: ^4.0.1
      utf-8-validate: ">=5.0.2"
    peerDependenciesMeta:
      bufferutil:
        optional: true
      utf-8-validate:
        optional: true
    dev: false

  /yn@3.1.1:
    resolution:
      {
        integrity: sha512-Ux4ygGWsu2c7isFWe8Yu1YluJmqVhxqK2cLXNQA5AcC3QfbGNpM7fu0Y8b/z16pXLnFxZYvWhd3fhBY9DLmC6Q==,
      }
    engines: { node: ">=6" }
    dev: false
